{
  "nodes": {
    "emacs-overlay": {
      "locked": {
        "lastModified": 1610828789,
        "narHash": "sha256-Spr2pPqo3XM+tdvBOWLUrmBsn83epogTQEHtgBcHLb0=",
        "owner": "nix-community",
        "repo": "emacs-overlay",
        "rev": "49259bf1c3335c0f891106aa2df6539d1cb96437",
        "type": "github"
      },
      "original": {
        "owner": "nix-community",
        "repo": "emacs-overlay",
        "type": "github"
      }
    },
    "home-manager": {
      "inputs": {
        "nixpkgs": [
          "nixpkgs"
        ]
      },
      "locked": {
        "lastModified": 1611422785,
        "narHash": "sha256-6XylW5uQ/Hr2BkmOFzLdBxE8qSQNtoWL60LcpCl3Qcw=",
        "owner": "nix-community",
        "repo": "home-manager",
        "rev": "c137866bd7d2a9c2010b618252694f395453cf59",
        "type": "github"
      },
      "original": {
        "owner": "nix-community",
        "ref": "master",
        "repo": "home-manager",
        "type": "github"
      }
    },
    "nixos-hardware": {
      "flake": false,
      "locked": {
        "lastModified": 1610430373,
        "narHash": "sha256-2sTBiGl0z0B3VD2qMHIJtOGxOuftR0iiBSv30AhVWIw=",
        "owner": "NixOS",
        "repo": "nixos-hardware",
        "rev": "874830945a65ad1134aff3a5aea0cdd2e1d914ab",
        "type": "github"
      },
      "original": {
        "owner": "NixOS",
        "repo": "nixos-hardware",
        "type": "github"
      }
    },
    "nixpkgs": {
      "locked": {
        "lastModified": 1612144587,
        "narHash": "sha256-rzMjkE5FWX9XUklt2JYrY/VIa8AJzMYr+87aW9m8DpE=",
        "owner": "NixOS",
        "repo": "nixpkgs",
        "rev": "86d5d9650d39128b028d0de33c5354cc20bb4608",
        "type": "github"
      },
      "original": {
        "id": "nixpkgs",
        "type": "indirect"
      }
    },
    "nixpkgs-stable": {
      "locked": {
        "lastModified": 1610779893,
        "narHash": "sha256-dAKlewu9L3C4ZCWgS1UVtk2gYJI42ZeUdcezfbXvSdw=",
        "owner": "NixOS",
        "repo": "nixpkgs",
        "rev": "1eff582e7ea6dcb208127ad369e231eaaf6fa378",
        "type": "github"
      },
      "original": {
        "owner": "NixOS",
        "ref": "nixos-20.09",
        "repo": "nixpkgs",
        "type": "github"
      }
    },
    "root": {
      "inputs": {
        "emacs-overlay": "emacs-overlay",
        "home-manager": "home-manager",
        "nixos-hardware": "nixos-hardware",
        "nixpkgs": "nixpkgs",
        "nixpkgs-stable": "nixpkgs-stable"
      }
    }
  },
  "root": "root",
  "version": 7
}
